
Microsoft Visual Studio Solution File, Format Version 12.00
# Visual Studio Version 17
VisualStudioVersion = 17.8.34322.80
MinimumVisualStudioVersion = 10.0.40219.1
Project("{2150E333-8FDC-42A3-9474-1A3956D46DE8}") = "Services", "Services", "{1E926DB0-698D-4170-ABF1-12D9A19252F6}"
EndProject
Project("{2150E333-8FDC-42A3-9474-1A3956D46DE8}") = "ItemCatalogService", "ItemCatalogService", "{74ED94DD-6D21-4F4F-92FC-33C6813F62DE}"
EndProject
Project("{9A19103F-16F7-4668-BE54-9A1E7A4F7556}") = "OrderTrackingItemCatalogService", "OrderTrackingItemCatalogService\OrderTrackingItemCatalogService.csproj", "{B2677127-ABC5-4161-81FA-B03D92540EEE}"
EndProject
Project("{9A19103F-16F7-4668-BE54-9A1E7A4F7556}") = "OrderTrackingItemCatalogService.Models", "OrderTrackingItemCatalogService.Models\OrderTrackingItemCatalogService.Models.csproj", "{D02F133A-0EB5-47B5-89B0-FC9FABA25031}"
EndProject
Project("{2150E333-8FDC-42A3-9474-1A3956D46DE8}") = "OrderingService", "OrderingService", "{3A60FFB8-177E-4166-9BF1-FF8892D8FCDD}"
EndProject
Project("{9A19103F-16F7-4668-BE54-9A1E7A4F7556}") = "OrderTrackingOrderingService", "OrderTrackingOrderingService\OrderTrackingOrderingService.csproj", "{180F8A54-911D-47C4-8384-0E164CD23AE8}"
EndProject
Project("{9A19103F-16F7-4668-BE54-9A1E7A4F7556}") = "OrderTrackingOrdereringService.Models", "OrderTrackingOrdereringService.Models\OrderTrackingOrdereringService.Models.csproj", "{4D32098B-F298-471D-B0DB-2A584A653047}"
EndProject
Project("{9A19103F-16F7-4668-BE54-9A1E7A4F7556}") = "OrderTrackingOrderingService.DataAccess", "OrderTrackingOrderingService.DataAccess\OrderTrackingOrderingService.DataAccess.csproj", "{DEAC6EBC-436D-4EC8-B804-F890585BA100}"
EndProject
Project("{2150E333-8FDC-42A3-9474-1A3956D46DE8}") = "Contracts", "Contracts", "{A5611C12-BB96-4137-A420-6F8F4CFB2429}"
EndProject
Project("{9A19103F-16F7-4668-BE54-9A1E7A4F7556}") = "MassTransitContracts", "MassTransitContracts\MassTransitContracts.csproj", "{BA355BD4-6276-464A-B9CD-DAEDD932AB37}"
EndProject
Global
	GlobalSection(SolutionConfigurationPlatforms) = preSolution
		Debug|Any CPU = Debug|Any CPU
		Release|Any CPU = Release|Any CPU
	EndGlobalSection
	GlobalSection(ProjectConfigurationPlatforms) = postSolution
		{B2677127-ABC5-4161-81FA-B03D92540EEE}.Debug|Any CPU.ActiveCfg = Debug|Any CPU
		{B2677127-ABC5-4161-81FA-B03D92540EEE}.Debug|Any CPU.Build.0 = Debug|Any CPU
		{B2677127-ABC5-4161-81FA-B03D92540EEE}.Release|Any CPU.ActiveCfg = Release|Any CPU
		{B2677127-ABC5-4161-81FA-B03D92540EEE}.Release|Any CPU.Build.0 = Release|Any CPU
		{D02F133A-0EB5-47B5-89B0-FC9FABA25031}.Debug|Any CPU.ActiveCfg = Debug|Any CPU
		{D02F133A-0EB5-47B5-89B0-FC9FABA25031}.Debug|Any CPU.Build.0 = Debug|Any CPU
		{D02F133A-0EB5-47B5-89B0-FC9FABA25031}.Release|Any CPU.ActiveCfg = Release|Any CPU
		{D02F133A-0EB5-47B5-89B0-FC9FABA25031}.Release|Any CPU.Build.0 = Release|Any CPU
		{180F8A54-911D-47C4-8384-0E164CD23AE8}.Debug|Any CPU.ActiveCfg = Debug|Any CPU
		{180F8A54-911D-47C4-8384-0E164CD23AE8}.Debug|Any CPU.Build.0 = Debug|Any CPU
		{180F8A54-911D-47C4-8384-0E164CD23AE8}.Release|Any CPU.ActiveCfg = Release|Any CPU
		{180F8A54-911D-47C4-8384-0E164CD23AE8}.Release|Any CPU.Build.0 = Release|Any CPU
		{4D32098B-F298-471D-B0DB-2A584A653047}.Debug|Any CPU.ActiveCfg = Debug|Any CPU
		{4D32098B-F298-471D-B0DB-2A584A653047}.Debug|Any CPU.Build.0 = Debug|Any CPU
		{4D32098B-F298-471D-B0DB-2A584A653047}.Release|Any CPU.ActiveCfg = Release|Any CPU
		{4D32098B-F298-471D-B0DB-2A584A653047}.Release|Any CPU.Build.0 = Release|Any CPU
		{DEAC6EBC-436D-4EC8-B804-F890585BA100}.Debug|Any CPU.ActiveCfg = Debug|Any CPU
		{DEAC6EBC-436D-4EC8-B804-F890585BA100}.Debug|Any CPU.Build.0 = Debug|Any CPU
		{DEAC6EBC-436D-4EC8-B804-F890585BA100}.Release|Any CPU.ActiveCfg = Release|Any CPU
		{DEAC6EBC-436D-4EC8-B804-F890585BA100}.Release|Any CPU.Build.0 = Release|Any CPU
		{BA355BD4-6276-464A-B9CD-DAEDD932AB37}.Debug|Any CPU.ActiveCfg = Debug|Any CPU
		{BA355BD4-6276-464A-B9CD-DAEDD932AB37}.Debug|Any CPU.Build.0 = Debug|Any CPU
		{BA355BD4-6276-464A-B9CD-DAEDD932AB37}.Release|Any CPU.ActiveCfg = Release|Any CPU
		{BA355BD4-6276-464A-B9CD-DAEDD932AB37}.Release|Any CPU.Build.0 = Release|Any CPU
	EndGlobalSection
	GlobalSection(SolutionProperties) = preSolution
		HideSolutionNode = FALSE
	EndGlobalSection
	GlobalSection(NestedProjects) = preSolution
		{74ED94DD-6D21-4F4F-92FC-33C6813F62DE} = {1E926DB0-698D-4170-ABF1-12D9A19252F6}
		{B2677127-ABC5-4161-81FA-B03D92540EEE} = {74ED94DD-6D21-4F4F-92FC-33C6813F62DE}
		{D02F133A-0EB5-47B5-89B0-FC9FABA25031} = {74ED94DD-6D21-4F4F-92FC-33C6813F62DE}
		{3A60FFB8-177E-4166-9BF1-FF8892D8FCDD} = {1E926DB0-698D-4170-ABF1-12D9A19252F6}
		{180F8A54-911D-47C4-8384-0E164CD23AE8} = {3A60FFB8-177E-4166-9BF1-FF8892D8FCDD}
		{4D32098B-F298-471D-B0DB-2A584A653047} = {3A60FFB8-177E-4166-9BF1-FF8892D8FCDD}
		{DEAC6EBC-436D-4EC8-B804-F890585BA100} = {3A60FFB8-177E-4166-9BF1-FF8892D8FCDD}
		{BA355BD4-6276-464A-B9CD-DAEDD932AB37} = {A5611C12-BB96-4137-A420-6F8F4CFB2429}
	EndGlobalSection
	GlobalSection(ExtensibilityGlobals) = postSolution
		SolutionGuid = {5C937A6D-8ABF-4E05-A72E-2693FA42D46F}
	EndGlobalSection
EndGlobal
